// !$*UTF8*$!
{
	archiveVersion = 1;
	classes = {
	};
	objectVersion = 46;
	objects = {

/* Begin PBXBuildFile section */
		392B62CC1A2299A2006B9F06 /* California_Roll.png in Resources */ = {isa = PBXBuildFile; fileRef = 392B62CB1A2299A2006B9F06 /* California_Roll.png */; };
		3930B55B1A227CBF0033D0B5 /* RockNRoll.png in Resources */ = {isa = PBXBuildFile; fileRef = 3930B55A1A227CBF0033D0B5 /* RockNRoll.png */; };
		3930B55D1A227CC30033D0B5 /* SalmonRoll.png in Resources */ = {isa = PBXBuildFile; fileRef = 3930B55C1A227CC30033D0B5 /* SalmonRoll.png */; };
		3930B55F1A227CC60033D0B5 /* Spicy-Tuna.png in Resources */ = {isa = PBXBuildFile; fileRef = 3930B55E1A227CC60033D0B5 /* Spicy-Tuna.png */; };
		39EC457A1A21BB4F0065EBFD /* AppDelegate.swift in Sources */ = {isa = PBXBuildFile; fileRef = 39EC45791A21BB4F0065EBFD /* AppDelegate.swift */; };
		39EC457C1A21BB4F0065EBFD /* ViewController.swift in Sources */ = {isa = PBXBuildFile; fileRef = 39EC457B1A21BB4F0065EBFD /* ViewController.swift */; };
		39EC457F1A21BB4F0065EBFD /* Main.storyboard in Resources */ = {isa = PBXBuildFile; fileRef = 39EC457D1A21BB4F0065EBFD /* Main.storyboard */; };
		39EC45811A21BB4F0065EBFD /* Images.xcassets in Resources */ = {isa = PBXBuildFile; fileRef = 39EC45801A21BB4F0065EBFD /* Images.xcassets */; };
		39EC45841A21BB4F0065EBFD /* LaunchScreen.xib in Resources */ = {isa = PBXBuildFile; fileRef = 39EC45821A21BB4F0065EBFD /* LaunchScreen.xib */; };
		39EC45901A21BB4F0065EBFD /* DeliveryTests.swift in Sources */ = {isa = PBXBuildFile; fileRef = 39EC458F1A21BB4F0065EBFD /* DeliveryTests.swift */; };
		39EC45A01A21BC2A0065EBFD /* WatchKit.framework in Frameworks */ = {isa = PBXBuildFile; fileRef = 39EC459F1A21BC2A0065EBFD /* WatchKit.framework */; };
		39EC45A61A21BC2A0065EBFD /* InterfaceController.swift in Sources */ = {isa = PBXBuildFile; fileRef = 39EC45A51A21BC2A0065EBFD /* InterfaceController.swift */; };
		39EC45A81A21BC2A0065EBFD /* NotificationController.swift in Sources */ = {isa = PBXBuildFile; fileRef = 39EC45A71A21BC2A0065EBFD /* NotificationController.swift */; };
		39EC45AA1A21BC2A0065EBFD /* GlanceController.swift in Sources */ = {isa = PBXBuildFile; fileRef = 39EC45A91A21BC2A0065EBFD /* GlanceController.swift */; };
		39EC45AC1A21BC2A0065EBFD /* Images.xcassets in Resources */ = {isa = PBXBuildFile; fileRef = 39EC45AB1A21BC2A0065EBFD /* Images.xcassets */; };
		39EC45B01A21BC2A0065EBFD /* Delivery Watch App.app in Resources */ = {isa = PBXBuildFile; fileRef = 39EC45AF1A21BC2A0065EBFD /* Delivery Watch App.app */; };
		39EC45B71A21BC2A0065EBFD /* Interface.storyboard in Resources */ = {isa = PBXBuildFile; fileRef = 39EC45B61A21BC2A0065EBFD /* Interface.storyboard */; };
		39EC45B91A21BC2A0065EBFD /* Images.xcassets in Resources */ = {isa = PBXBuildFile; fileRef = 39EC45B81A21BC2A0065EBFD /* Images.xcassets */; };
		39EC45BC1A21BC2A0065EBFD /* Delivery WatchKit Extension.appex in Embed App Extensions */ = {isa = PBXBuildFile; fileRef = 39EC459D1A21BC2A0065EBFD /* Delivery WatchKit Extension.appex */; settings = {ATTRIBUTES = (RemoveHeadersOnCopy, ); }; };
		39EC45C81A21C60D0065EBFD /* Confirm.swift in Sources */ = {isa = PBXBuildFile; fileRef = 39EC45C71A21C60D0065EBFD /* Confirm.swift */; };
/* End PBXBuildFile section */

/* Begin PBXContainerItemProxy section */
		39EC458A1A21BB4F0065EBFD /* PBXContainerItemProxy */ = {
			isa = PBXContainerItemProxy;
			containerPortal = 39EC456C1A21BB4F0065EBFD /* Project object */;
			proxyType = 1;
			remoteGlobalIDString = 39EC45731A21BB4F0065EBFD;
			remoteInfo = Delivery;
		};
		39EC45B11A21BC2A0065EBFD /* PBXContainerItemProxy */ = {
			isa = PBXContainerItemProxy;
			containerPortal = 39EC456C1A21BB4F0065EBFD /* Project object */;
			proxyType = 1;
			remoteGlobalIDString = 39EC45AE1A21BC2A0065EBFD;
			remoteInfo = "Delivery Watch App";
		};
		39EC45BA1A21BC2A0065EBFD /* PBXContainerItemProxy */ = {
			isa = PBXContainerItemProxy;
			containerPortal = 39EC456C1A21BB4F0065EBFD /* Project object */;
			proxyType = 1;
			remoteGlobalIDString = 39EC459C1A21BC2A0065EBFD;
			remoteInfo = "Delivery WatchKit Extension";
		};
/* End PBXContainerItemProxy section */

/* Begin PBXCopyFilesBuildPhase section */
		39EC45C31A21BC2A0065EBFD /* Embed App Extensions */ = {
			isa = PBXCopyFilesBuildPhase;
			buildActionMask = 2147483647;
			dstPath = "";
			dstSubfolderSpec = 13;
			files = (
				39EC45BC1A21BC2A0065EBFD /* Delivery WatchKit Extension.appex in Embed App Extensions */,
			);
			name = "Embed App Extensions";
			runOnlyForDeploymentPostprocessing = 0;
		};
/* End PBXCopyFilesBuildPhase section */

/* Begin PBXFileReference section */
		392B62CB1A2299A2006B9F06 /* California_Roll.png */ = {isa = PBXFileReference; lastKnownFileType = image.png; path = California_Roll.png; sourceTree = "<group>"; };
		3930B55A1A227CBF0033D0B5 /* RockNRoll.png */ = {isa = PBXFileReference; lastKnownFileType = image.png; path = RockNRoll.png; sourceTree = "<group>"; };
		3930B55C1A227CC30033D0B5 /* SalmonRoll.png */ = {isa = PBXFileReference; lastKnownFileType = image.png; path = SalmonRoll.png; sourceTree = "<group>"; };
		3930B55E1A227CC60033D0B5 /* Spicy-Tuna.png */ = {isa = PBXFileReference; lastKnownFileType = image.png; path = "Spicy-Tuna.png"; sourceTree = "<group>"; };
		39EC45741A21BB4F0065EBFD /* Delivery.app */ = {isa = PBXFileReference; explicitFileType = wrapper.application; includeInIndex = 0; path = Delivery.app; sourceTree = BUILT_PRODUCTS_DIR; };
		39EC45781A21BB4F0065EBFD /* Info.plist */ = {isa = PBXFileReference; lastKnownFileType = text.plist.xml; path = Info.plist; sourceTree = "<group>"; };
		39EC45791A21BB4F0065EBFD /* AppDelegate.swift */ = {isa = PBXFileReference; lastKnownFileType = sourcecode.swift; path = AppDelegate.swift; sourceTree = "<group>"; };
		39EC457B1A21BB4F0065EBFD /* ViewController.swift */ = {isa = PBXFileReference; lastKnownFileType = sourcecode.swift; path = ViewController.swift; sourceTree = "<group>"; };
		39EC457E1A21BB4F0065EBFD /* Base */ = {isa = PBXFileReference; lastKnownFileType = file.storyboard; name = Base; path = Base.lproj/Main.storyboard; sourceTree = "<group>"; };
		39EC45801A21BB4F0065EBFD /* Images.xcassets */ = {isa = PBXFileReference; lastKnownFileType = folder.assetcatalog; path = Images.xcassets; sourceTree = "<group>"; };
		39EC45831A21BB4F0065EBFD /* Base */ = {isa = PBXFileReference; lastKnownFileType = file.xib; name = Base; path = Base.lproj/LaunchScreen.xib; sourceTree = "<group>"; };
		39EC45891A21BB4F0065EBFD /* DeliveryTests.xctest */ = {isa = PBXFileReference; explicitFileType = wrapper.cfbundle; includeInIndex = 0; path = DeliveryTests.xctest; sourceTree = BUILT_PRODUCTS_DIR; };
		39EC458E1A21BB4F0065EBFD /* Info.plist */ = {isa = PBXFileReference; lastKnownFileType = text.plist.xml; path = Info.plist; sourceTree = "<group>"; };
		39EC458F1A21BB4F0065EBFD /* DeliveryTests.swift */ = {isa = PBXFileReference; lastKnownFileType = sourcecode.swift; path = DeliveryTests.swift; sourceTree = "<group>"; };
		39EC459D1A21BC2A0065EBFD /* Delivery WatchKit Extension.appex */ = {isa = PBXFileReference; explicitFileType = "wrapper.app-extension"; includeInIndex = 0; path = "Delivery WatchKit Extension.appex"; sourceTree = BUILT_PRODUCTS_DIR; };
		39EC459F1A21BC2A0065EBFD /* WatchKit.framework */ = {isa = PBXFileReference; lastKnownFileType = wrapper.framework; name = WatchKit.framework; path = System/Library/Frameworks/WatchKit.framework; sourceTree = SDKROOT; };
		39EC45A31A21BC2A0065EBFD /* Info.plist */ = {isa = PBXFileReference; lastKnownFileType = text.plist.xml; path = Info.plist; sourceTree = "<group>"; };
		39EC45A41A21BC2A0065EBFD /* PushNotificationPayload.json */ = {isa = PBXFileReference; lastKnownFileType = text.json; path = PushNotificationPayload.json; sourceTree = "<group>"; };
		39EC45A51A21BC2A0065EBFD /* InterfaceController.swift */ = {isa = PBXFileReference; lastKnownFileType = sourcecode.swift; path = InterfaceController.swift; sourceTree = "<group>"; };
		39EC45A71A21BC2A0065EBFD /* NotificationController.swift */ = {isa = PBXFileReference; lastKnownFileType = sourcecode.swift; path = NotificationController.swift; sourceTree = "<group>"; };
		39EC45A91A21BC2A0065EBFD /* GlanceController.swift */ = {isa = PBXFileReference; lastKnownFileType = sourcecode.swift; path = GlanceController.swift; sourceTree = "<group>"; };
		39EC45AB1A21BC2A0065EBFD /* Images.xcassets */ = {isa = PBXFileReference; lastKnownFileType = folder.assetcatalog; path = Images.xcassets; sourceTree = "<group>"; };
		39EC45AF1A21BC2A0065EBFD /* Delivery Watch App.app */ = {isa = PBXFileReference; explicitFileType = wrapper.application; includeInIndex = 0; path = "Delivery Watch App.app"; sourceTree = BUILT_PRODUCTS_DIR; };
		39EC45B51A21BC2A0065EBFD /* Info.plist */ = {isa = PBXFileReference; lastKnownFileType = text.plist.xml; path = Info.plist; sourceTree = "<group>"; };
		39EC45B61A21BC2A0065EBFD /* Interface.storyboard */ = {isa = PBXFileReference; lastKnownFileType = file.storyboard; path = Interface.storyboard; sourceTree = "<group>"; };
		39EC45B81A21BC2A0065EBFD /* Images.xcassets */ = {isa = PBXFileReference; lastKnownFileType = folder.assetcatalog; path = Images.xcassets; sourceTree = "<group>"; };
		39EC45C41A21C4D70065EBFD /* Delivery Watch App-Bridging-Header.h */ = {isa = PBXFileReference; lastKnownFileType = sourcecode.c.h; path = "Delivery Watch App-Bridging-Header.h"; sourceTree = "<group>"; };
		39EC45C71A21C60D0065EBFD /* Confirm.swift */ = {isa = PBXFileReference; fileEncoding = 4; lastKnownFileType = sourcecode.swift; path = Confirm.swift; sourceTree = "<group>"; };
/* End PBXFileReference section */

/* Begin PBXFrameworksBuildPhase section */
		39EC45711A21BB4F0065EBFD /* Frameworks */ = {
			isa = PBXFrameworksBuildPhase;
			buildActionMask = 2147483647;
			files = (
			);
			runOnlyForDeploymentPostprocessing = 0;
		};
		39EC45861A21BB4F0065EBFD /* Frameworks */ = {
			isa = PBXFrameworksBuildPhase;
			buildActionMask = 2147483647;
			files = (
			);
			runOnlyForDeploymentPostprocessing = 0;
		};
		39EC459A1A21BC2A0065EBFD /* Frameworks */ = {
			isa = PBXFrameworksBuildPhase;
			buildActionMask = 2147483647;
			files = (
				39EC45A01A21BC2A0065EBFD /* WatchKit.framework in Frameworks */,
			);
			runOnlyForDeploymentPostprocessing = 0;
		};
/* End PBXFrameworksBuildPhase section */

/* Begin PBXGroup section */
		39EC456B1A21BB4F0065EBFD = {
			isa = PBXGroup;
			children = (
				39EC45761A21BB4F0065EBFD /* Delivery */,
				39EC458C1A21BB4F0065EBFD /* DeliveryTests */,
				39EC45A11A21BC2A0065EBFD /* Delivery WatchKit Extension */,
				39EC45B31A21BC2A0065EBFD /* Delivery Watch App */,
				39EC459E1A21BC2A0065EBFD /* Frameworks */,
				39EC45751A21BB4F0065EBFD /* Products */,
			);
			sourceTree = "<group>";
		};
		39EC45751A21BB4F0065EBFD /* Products */ = {
			isa = PBXGroup;
			children = (
				39EC45741A21BB4F0065EBFD /* Delivery.app */,
				39EC45891A21BB4F0065EBFD /* DeliveryTests.xctest */,
				39EC459D1A21BC2A0065EBFD /* Delivery WatchKit Extension.appex */,
				39EC45AF1A21BC2A0065EBFD /* Delivery Watch App.app */,
			);
			name = Products;
			sourceTree = "<group>";
		};
		39EC45761A21BB4F0065EBFD /* Delivery */ = {
			isa = PBXGroup;
			children = (
				39EC45791A21BB4F0065EBFD /* AppDelegate.swift */,
				39EC457B1A21BB4F0065EBFD /* ViewController.swift */,
				39EC457D1A21BB4F0065EBFD /* Main.storyboard */,
				39EC45801A21BB4F0065EBFD /* Images.xcassets */,
				39EC45821A21BB4F0065EBFD /* LaunchScreen.xib */,
				39EC45771A21BB4F0065EBFD /* Supporting Files */,
			);
			path = Delivery;
			sourceTree = "<group>";
		};
		39EC45771A21BB4F0065EBFD /* Supporting Files */ = {
			isa = PBXGroup;
			children = (
				39EC45781A21BB4F0065EBFD /* Info.plist */,
			);
			name = "Supporting Files";
			sourceTree = "<group>";
		};
		39EC458C1A21BB4F0065EBFD /* DeliveryTests */ = {
			isa = PBXGroup;
			children = (
				39EC458F1A21BB4F0065EBFD /* DeliveryTests.swift */,
				39EC458D1A21BB4F0065EBFD /* Supporting Files */,
			);
			path = DeliveryTests;
			sourceTree = "<group>";
		};
		39EC458D1A21BB4F0065EBFD /* Supporting Files */ = {
			isa = PBXGroup;
			children = (
				39EC458E1A21BB4F0065EBFD /* Info.plist */,
			);
			name = "Supporting Files";
			sourceTree = "<group>";
		};
		39EC459E1A21BC2A0065EBFD /* Frameworks */ = {
			isa = PBXGroup;
			children = (
				39EC459F1A21BC2A0065EBFD /* WatchKit.framework */,
			);
			name = Frameworks;
			sourceTree = "<group>";
		};
		39EC45A11A21BC2A0065EBFD /* Delivery WatchKit Extension */ = {
			isa = PBXGroup;
			children = (
				39EC45A51A21BC2A0065EBFD /* InterfaceController.swift */,
				39EC45C71A21C60D0065EBFD /* Confirm.swift */,
				3930B55E1A227CC60033D0B5 /* Spicy-Tuna.png */,
				3930B55A1A227CBF0033D0B5 /* RockNRoll.png */,
				3930B55C1A227CC30033D0B5 /* SalmonRoll.png */,
				39EC45A71A21BC2A0065EBFD /* NotificationController.swift */,
				39EC45A91A21BC2A0065EBFD /* GlanceController.swift */,
				392B62CB1A2299A2006B9F06 /* California_Roll.png */,
				39EC45AB1A21BC2A0065EBFD /* Images.xcassets */,
				39EC45A21A21BC2A0065EBFD /* Supporting Files */,
				39EC45C41A21C4D70065EBFD /* Delivery Watch App-Bridging-Header.h */,
			);
			path = "Delivery WatchKit Extension";
			sourceTree = "<group>";
		};
		39EC45A21A21BC2A0065EBFD /* Supporting Files */ = {
			isa = PBXGroup;
			children = (
				39EC45A31A21BC2A0065EBFD /* Info.plist */,
				39EC45A41A21BC2A0065EBFD /* PushNotificationPayload.json */,
			);
			name = "Supporting Files";
			sourceTree = "<group>";
		};
		39EC45B31A21BC2A0065EBFD /* Delivery Watch App */ = {
			isa = PBXGroup;
			children = (
				39EC45B61A21BC2A0065EBFD /* Interface.storyboard */,
				39EC45B81A21BC2A0065EBFD /* Images.xcassets */,
				39EC45B41A21BC2A0065EBFD /* Supporting Files */,
			);
			path = "Delivery Watch App";
			sourceTree = "<group>";
		};
		39EC45B41A21BC2A0065EBFD /* Supporting Files */ = {
			isa = PBXGroup;
			children = (
				39EC45B51A21BC2A0065EBFD /* Info.plist */,
			);
			name = "Supporting Files";
			sourceTree = "<group>";
		};
/* End PBXGroup section */

/* Begin PBXNativeTarget section */
		39EC45731A21BB4F0065EBFD /* Delivery */ = {
			isa = PBXNativeTarget;
			buildConfigurationList = 39EC45931A21BB4F0065EBFD /* Build configuration list for PBXNativeTarget "Delivery" */;
			buildPhases = (
				39EC45701A21BB4F0065EBFD /* Sources */,
				39EC45711A21BB4F0065EBFD /* Frameworks */,
				39EC45721A21BB4F0065EBFD /* Resources */,
				39EC45C31A21BC2A0065EBFD /* Embed App Extensions */,
			);
			buildRules = (
			);
			dependencies = (
				39EC45BB1A21BC2A0065EBFD /* PBXTargetDependency */,
			);
			name = Delivery;
			productName = Delivery;
			productReference = 39EC45741A21BB4F0065EBFD /* Delivery.app */;
			productType = "com.apple.product-type.application";
		};
		39EC45881A21BB4F0065EBFD /* DeliveryTests */ = {
			isa = PBXNativeTarget;
			buildConfigurationList = 39EC45961A21BB4F0065EBFD /* Build configuration list for PBXNativeTarget "DeliveryTests" */;
			buildPhases = (
				39EC45851A21BB4F0065EBFD /* Sources */,
				39EC45861A21BB4F0065EBFD /* Frameworks */,
				39EC45871A21BB4F0065EBFD /* Resources */,
			);
			buildRules = (
			);
			dependencies = (
				39EC458B1A21BB4F0065EBFD /* PBXTargetDependency */,
			);
			name = DeliveryTests;
			productName = DeliveryTests;
			productReference = 39EC45891A21BB4F0065EBFD /* DeliveryTests.xctest */;
			productType = "com.apple.product-type.bundle.unit-test";
		};
		39EC459C1A21BC2A0065EBFD /* Delivery WatchKit Extension */ = {
			isa = PBXNativeTarget;
			buildConfigurationList = 39EC45C01A21BC2A0065EBFD /* Build configuration list for PBXNativeTarget "Delivery WatchKit Extension" */;
			buildPhases = (
				39EC45991A21BC2A0065EBFD /* Sources */,
				39EC459A1A21BC2A0065EBFD /* Frameworks */,
				39EC459B1A21BC2A0065EBFD /* Resources */,
			);
			buildRules = (
			);
			dependencies = (
				39EC45B21A21BC2A0065EBFD /* PBXTargetDependency */,
			);
			name = "Delivery WatchKit Extension";
			productName = "Delivery WatchKit Extension";
			productReference = 39EC459D1A21BC2A0065EBFD /* Delivery WatchKit Extension.appex */;
			productType = "com.apple.product-type.watchkit-extension";
		};
		39EC45AE1A21BC2A0065EBFD /* Delivery Watch App */ = {
			isa = PBXNativeTarget;
			buildConfigurationList = 39EC45BD1A21BC2A0065EBFD /* Build configuration list for PBXNativeTarget "Delivery Watch App" */;
			buildPhases = (
				39EC45AD1A21BC2A0065EBFD /* Resources */,
			);
			buildRules = (
			);
			dependencies = (
			);
			name = "Delivery Watch App";
			productName = "Delivery Watch App";
			productReference = 39EC45AF1A21BC2A0065EBFD /* Delivery Watch App.app */;
			productType = "com.apple.product-type.application.watchapp";
		};
/* End PBXNativeTarget section */

/* Begin PBXProject section */
		39EC456C1A21BB4F0065EBFD /* Project object */ = {
			isa = PBXProject;
			attributes = {
				LastUpgradeCheck = 0620;
				ORGANIZATIONNAME = "Alexander Zai";
				TargetAttributes = {
					39EC45731A21BB4F0065EBFD = {
						CreatedOnToolsVersion = 6.2;
					};
					39EC45881A21BB4F0065EBFD = {
						CreatedOnToolsVersion = 6.2;
						TestTargetID = 39EC45731A21BB4F0065EBFD;
					};
					39EC459C1A21BC2A0065EBFD = {
						CreatedOnToolsVersion = 6.2;
					};
					39EC45AE1A21BC2A0065EBFD = {
						CreatedOnToolsVersion = 6.2;
					};
				};
			};
			buildConfigurationList = 39EC456F1A21BB4F0065EBFD /* Build configuration list for PBXProject "Delivery" */;
			compatibilityVersion = "Xcode 3.2";
			developmentRegion = English;
			hasScannedForEncodings = 0;
			knownRegions = (
				en,
				Base,
			);
			mainGroup = 39EC456B1A21BB4F0065EBFD;
			productRefGroup = 39EC45751A21BB4F0065EBFD /* Products */;
			projectDirPath = "";
			projectRoot = "";
			targets = (
				39EC45731A21BB4F0065EBFD /* Delivery */,
				39EC45881A21BB4F0065EBFD /* DeliveryTests */,
				39EC459C1A21BC2A0065EBFD /* Delivery WatchKit Extension */,
				39EC45AE1A21BC2A0065EBFD /* Delivery Watch App */,
			);
		};
/* End PBXProject section */

/* Begin PBXResourcesBuildPhase section */
		39EC45721A21BB4F0065EBFD /* Resources */ = {
			isa = PBXResourcesBuildPhase;
			buildActionMask = 2147483647;
			files = (
				39EC457F1A21BB4F0065EBFD /* Main.storyboard in Resources */,
				39EC45841A21BB4F0065EBFD /* LaunchScreen.xib in Resources */,
				39EC45811A21BB4F0065EBFD /* Images.xcassets in Resources */,
			);
			runOnlyForDeploymentPostprocessing = 0;
		};
		39EC45871A21BB4F0065EBFD /* Resources */ = {
			isa = PBXResourcesBuildPhase;
			buildActionMask = 2147483647;
			files = (
			);
			runOnlyForDeploymentPostprocessing = 0;
		};
		39EC459B1A21BC2A0065EBFD /* Resources */ = {
			isa = PBXResourcesBuildPhase;
			buildActionMask = 2147483647;
			files = (
				3930B55D1A227CC30033D0B5 /* SalmonRoll.png in Resources */,
				3930B55B1A227CBF0033D0B5 /* RockNRoll.png in Resources */,
				39EC45AC1A21BC2A0065EBFD /* Images.xcassets in Resources */,
				3930B55F1A227CC60033D0B5 /* Spicy-Tuna.png in Resources */,
				39EC45B01A21BC2A0065EBFD /* Delivery Watch App.app in Resources */,
				392B62CC1A2299A2006B9F06 /* California_Roll.png in Resources */,
			);
			runOnlyForDeploymentPostprocessing = 0;
		};
		39EC45AD1A21BC2A0065EBFD /* Resources */ = {
			isa = PBXResourcesBuildPhase;
			buildActionMask = 2147483647;
			files = (
				39EC45B71A21BC2A0065EBFD /* Interface.storyboard in Resources */,
				39EC45B91A21BC2A0065EBFD /* Images.xcassets in Resources */,
			);
			runOnlyForDeploymentPostprocessing = 0;
		};
/* End PBXResourcesBuildPhase section */

/* Begin PBXSourcesBuildPhase section */
		39EC45701A21BB4F0065EBFD /* Sources */ = {
			isa = PBXSourcesBuildPhase;
			buildActionMask = 2147483647;
			files = (
				39EC457C1A21BB4F0065EBFD /* ViewController.swift in Sources */,
				39EC457A1A21BB4F0065EBFD /* AppDelegate.swift in Sources */,
			);
			runOnlyForDeploymentPostprocessing = 0;
		};
		39EC45851A21BB4F0065EBFD /* Sources */ = {
			isa = PBXSourcesBuildPhase;
			buildActionMask = 2147483647;
			files = (
				39EC45901A21BB4F0065EBFD /* DeliveryTests.swift in Sources */,
			);
			runOnlyForDeploymentPostprocessing = 0;
		};
		39EC45991A21BC2A0065EBFD /* Sources */ = {
			isa = PBXSourcesBuildPhase;
			buildActionMask = 2147483647;
			files = (
				39EC45C81A21C60D0065EBFD /* Confirm.swift in Sources */,
				39EC45A81A21BC2A0065EBFD /* NotificationController.swift in Sources */,
				39EC45A61A21BC2A0065EBFD /* InterfaceController.swift in Sources */,
				39EC45AA1A21BC2A0065EBFD /* GlanceController.swift in Sources */,
			);
			runOnlyForDeploymentPostprocessing = 0;
		};
/* End PBXSourcesBuildPhase section */

/* Begin PBXTargetDependency section */
		39EC458B1A21BB4F0065EBFD /* PBXTargetDependency */ = {
			isa = PBXTargetDependency;
			target = 39EC45731A21BB4F0065EBFD /* Delivery */;
			targetProxy = 39EC458A1A21BB4F0065EBFD /* PBXContainerItemProxy */;
		};
		39EC45B21A21BC2A0065EBFD /* PBXTargetDependency */ = {
			isa = PBXTargetDependency;
			target = 39EC45AE1A21BC2A0065EBFD /* Delivery Watch App */;
			targetProxy = 39EC45B11A21BC2A0065EBFD /* PBXContainerItemProxy */;
		};
		39EC45BB1A21BC2A0065EBFD /* PBXTargetDependency */ = {
			isa = PBXTargetDependency;
			target = 39EC459C1A21BC2A0065EBFD /* Delivery WatchKit Extension */;
			targetProxy = 39EC45BA1A21BC2A0065EBFD /* PBXContainerItemProxy */;
		};
/* End PBXTargetDependency section */

/* Begin PBXVariantGroup section */
		39EC457D1A21BB4F0065EBFD /* Main.storyboard */ = {
			isa = PBXVariantGroup;
			children = (
				39EC457E1A21BB4F0065EBFD /* Base */,
			);
			name = Main.storyboard;
			sourceTree = "<group>";
		};
		39EC45821A21BB4F0065EBFD /* LaunchScreen.xib */ = {
			isa = PBXVariantGroup;
			children = (
				39EC45831A21BB4F0065EBFD /* Base */,
			);
			name = LaunchScreen.xib;
			sourceTree = "<group>";
		};
/* End PBXVariantGroup section */

/* Begin XCBuildConfiguration section */
		39EC45911A21BB4F0065EBFD /* Debug */ = {
			isa = XCBuildConfiguration;
			buildSettings = {
				ALWAYS_SEARCH_USER_PATHS = NO;
				CLANG_CXX_LANGUAGE_STANDARD = "gnu++0x";
				CLANG_CXX_LIBRARY = "libc++";
				CLANG_ENABLE_MODULES = YES;
				CLANG_ENABLE_OBJC_ARC = YES;
				CLANG_WARN_BOOL_CONVERSION = YES;
				CLANG_WARN_CONSTANT_CONVERSION = YES;
				CLANG_WARN_DIRECT_OBJC_ISA_USAGE = YES_ERROR;
				CLANG_WARN_EMPTY_BODY = YES;
				CLANG_WARN_ENUM_CONVERSION = YES;
				CLANG_WARN_INT_CONVERSION = YES;
				CLANG_WARN_OBJC_ROOT_CLASS = YES_ERROR;
				CLANG_WARN_UNREACHABLE_CODE = YES;
				CLANG_WARN__DUPLICATE_METHOD_MATCH = YES;
				"CODE_SIGN_IDENTITY[sdk=iphoneos*]" = "iPhone Developer";
				COPY_PHASE_STRIP = NO;
				ENABLE_STRICT_OBJC_MSGSEND = YES;
				GCC_C_LANGUAGE_STANDARD = gnu99;
				GCC_DYNAMIC_NO_PIC = NO;
				GCC_OPTIMIZATION_LEVEL = 0;
				GCC_PREPROCESSOR_DEFINITIONS = (
					"DEBUG=1",
					"$(inherited)",
				);
				GCC_SYMBOLS_PRIVATE_EXTERN = NO;
				GCC_WARN_64_TO_32_BIT_CONVERSION = YES;
				GCC_WARN_ABOUT_RETURN_TYPE = YES_ERROR;
				GCC_WARN_UNDECLARED_SELECTOR = YES;
				GCC_WARN_UNINITIALIZED_AUTOS = YES_AGGRESSIVE;
				GCC_WARN_UNUSED_FUNCTION = YES;
				GCC_WARN_UNUSED_VARIABLE = YES;
				IPHONEOS_DEPLOYMENT_TARGET = 8.2;
				MTL_ENABLE_DEBUG_INFO = YES;
				ONLY_ACTIVE_ARCH = YES;
				SDKROOT = iphoneos;
				SWIFT_OPTIMIZATION_LEVEL = "-Onone";
			};
			name = Debug;
		};
		39EC45921A21BB4F0065EBFD /* Release */ = {
			isa = XCBuildConfiguration;
			buildSettings = {
				ALWAYS_SEARCH_USER_PATHS = NO;
				CLANG_CXX_LANGUAGE_STANDARD = "gnu++0x";
				CLANG_CXX_LIBRARY = "libc++";
				CLANG_ENABLE_MODULES = YES;
				CLANG_ENABLE_OBJC_ARC = YES;
				CLANG_WARN_BOOL_CONVERSION = YES;
				CLANG_WARN_CONSTANT_CONVERSION = YES;
				CLANG_WARN_DIRECT_OBJC_ISA_USAGE = YES_ERROR;
				CLANG_WARN_EMPTY_BODY = YES;
				CLANG_WARN_ENUM_CONVERSION = YES;
				CLANG_WARN_INT_CONVERSION = YES;
				CLANG_WARN_OBJC_ROOT_CLASS = YES_ERROR;
				CLANG_WARN_UNREACHABLE_CODE = YES;
				CLANG_WARN__DUPLICATE_METHOD_MATCH = YES;
				"CODE_SIGN_IDENTITY[sdk=iphoneos*]" = "iPhone Developer";
				COPY_PHASE_STRIP = YES;
				ENABLE_NS_ASSERTIONS = NO;
				ENABLE_STRICT_OBJC_MSGSEND = YES;
				GCC_C_LANGUAGE_STANDARD = gnu99;
				GCC_WARN_64_TO_32_BIT_CONVERSION = YES;
				GCC_WARN_ABOUT_RETURN_TYPE = YES_ERROR;
				GCC_WARN_UNDECLARED_SELECTOR = YES;
				GCC_WARN_UNINITIALIZED_AUTOS = YES_AGGRESSIVE;
				GCC_WARN_UNUSED_FUNCTION = YES;
				GCC_WARN_UNUSED_VARIABLE = YES;
				IPHONEOS_DEPLOYMENT_TARGET = 8.2;
				MTL_ENABLE_DEBUG_INFO = NO;
				SDKROOT = iphoneos;
				VALIDATE_PRODUCT = YES;
			};
			name = Release;
		};
		39EC45941A21BB4F0065EBFD /* Debug */ = {
			isa = XCBuildConfiguration;
			buildSettings = {
				ASSETCATALOG_COMPILER_APPICON_NAME = AppIcon;
				EMBEDDED_CONTENT_CONTAINS_SWIFT = YES;
				INFOPLIST_FILE = Delivery/Info.plist;
				LD_RUNPATH_SEARCH_PATHS = "$(inherited) @executable_path/Frameworks";
				PRODUCT_NAME = "$(TARGET_NAME)";
			};
			name = Debug;
		};
		39EC45951A21BB4F0065EBFD /* Release */ = {
			isa = XCBuildConfiguration;
			buildSettings = {
				ASSETCATALOG_COMPILER_APPICON_NAME = AppIcon;
				EMBEDDED_CONTENT_CONTAINS_SWIFT = YES;
				INFOPLIST_FILE = Delivery/Info.plist;
				LD_RUNPATH_SEARCH_PATHS = "$(inherited) @executable_path/Frameworks";
				PRODUCT_NAME = "$(TARGET_NAME)";
			};
			name = Release;
		};
		39EC45971A21BB4F0065EBFD /* Debug */ = {
			isa = XCBuildConfiguration;
			buildSettings = {
				BUNDLE_LOADER = "$(TEST_HOST)";
				FRAMEWORK_SEARCH_PATHS = (
					"$(SDKROOT)/Developer/Library/Frameworks",
					"$(inherited)",
				);
				GCC_PREPROCESSOR_DEFINITIONS = (
					"DEBUG=1",
					"$(inherited)",
				);
				INFOPLIST_FILE = DeliveryTests/Info.plist;
				LD_RUNPATH_SEARCH_PATHS = "$(inherited) @executable_path/Frameworks @loader_path/Frameworks";
				PRODUCT_NAME = "$(TARGET_NAME)";
				TEST_HOST = "$(BUILT_PRODUCTS_DIR)/Delivery.app/Delivery";
			};
			name = Debug;
		};
		39EC45981A21BB4F0065EBFD /* Release */ = {
			isa = XCBuildConfiguration;
			buildSettings = {
				BUNDLE_LOADER = "$(TEST_HOST)";
				FRAMEWORK_SEARCH_PATHS = (
					"$(SDKROOT)/Developer/Library/Frameworks",
					"$(inherited)",
				);
				INFOPLIST_FILE = DeliveryTests/Info.plist;
				LD_RUNPATH_SEARCH_PATHS = "$(inherited) @executable_path/Frameworks @loader_path/Frameworks";
				PRODUCT_NAME = "$(TARGET_NAME)";
				TEST_HOST = "$(BUILT_PRODUCTS_DIR)/Delivery.app/Delivery";
			};
			name = Release;
		};
		39EC45BE1A21BC2A0065EBFD /* Debug */ = {
			isa = XCBuildConfiguration;
			buildSettings = {
				ASSETCATALOG_COMPILER_APPICON_NAME = AppIcon;
				ASSETCATALOG_COMPILER_LAUNCHIMAGE_NAME = LaunchImage;
				CLANG_ENABLE_MODULES = YES;
				GCC_PREPROCESSOR_DEFINITIONS = (
					"DEBUG=1",
					"$(inherited)",
				);
				IBSC_MODULE = Delivery_WatchKit_Extension;
				INFOPLIST_FILE = "Delivery Watch App/Info.plist";
				LD_RUNPATH_SEARCH_PATHS = "$(inherited) @executable_path/Frameworks @loader_path/Frameworks";
				PRODUCT_NAME = "$(TARGET_NAME)";
				SKIP_INSTALL = YES;
				SWIFT_OBJC_BRIDGING_HEADER = "Delivery WatchKit Extension/Delivery Watch App-Bridging-Header.h";
				SWIFT_OPTIMIZATION_LEVEL = "-Onone";
				TARGETED_DEVICE_FAMILY = 4;
				"TARGETED_DEVICE_FAMILY[sdk=iphonesimulator*]" = "1,4";
			};
			name = Debug;
		};
		39EC45BF1A21BC2A0065EBFD /* Release */ = {
			isa = XCBuildConfiguration;
			buildSettings = {
				ASSETCATALOG_COMPILER_APPICON_NAME = AppIcon;
				ASSETCATALOG_COMPILER_LAUNCHIMAGE_NAME = LaunchImage;
				CLANG_ENABLE_MODULES = YES;
				IBSC_MODULE = Delivery_WatchKit_Extension;
				INFOPLIST_FILE = "Delivery Watch App/Info.plist";
				LD_RUNPATH_SEARCH_PATHS = "$(inherited) @executable_path/Frameworks @loader_path/Frameworks";
				PRODUCT_NAME = "$(TARGET_NAME)";
				SKIP_INSTALL = YES;
				SWIFT_OBJC_BRIDGING_HEADER = "Delivery WatchKit Extension/Delivery Watch App-Bridging-Header.h";
				TARGETED_DEVICE_FAMILY = 4;
				"TARGETED_DEVICE_FAMILY[sdk=iphonesimulator*]" = "1,4";
			};
			name = Release;
		};
		39EC45C11A21BC2A0065EBFD /* Debug */ = {
			isa = XCBuildConfiguration;
			buildSettings = {
				GCC_PREPROCESSOR_DEFINITIONS = (
					"DEBUG=1",
					"$(inherited)",
				);
				INFOPLIST_FILE = "Delivery WatchKit Extension/Info.plist";
				LD_RUNPATH_SEARCH_PATHS = "$(inherited) @executable_path/Frameworks @executable_path/../../Frameworks";
				PRODUCT_NAME = "${TARGET_NAME}";
				SKIP_INSTALL = YES;
			};
			name = Debug;
		};
		39EC45C21A21BC2A0065EBFD /* Release */ = {
			isa = XCBuildConfiguration;
			buildSettings = {
				INFOPLIST_FILE = "Delivery WatchKit Extension/Info.plist";
				LD_RUNPATH_SEARCH_PATHS = "$(inherited) @executable_path/Frameworks @executable_path/../../Frameworks";
				PRODUCT_NAME = "${TARGET_NAME}";
				SKIP_INSTALL = YES;
			};
			name = Release;
		};
/* End XCBuildConfiguration section */

/* Begin XCConfigurationList section */
		39EC456F1A21BB4F0065EBFD /* Build configuration list for PBXProject "Delivery" */ = {
			isa = XCConfigurationList;
			buildConfigurations = (
				39EC45911A21BB4F0065EBFD /* Debug */,
				39EC45921A21BB4F0065EBFD /* Release */,
			);
			defaultConfigurationIsVisible = 0;
			defaultConfigurationName = Release;
		};
		39EC45931A21BB4F0065EBFD /* Build configuration list for PBXNativeTarget "Delivery" */ = {
			isa = XCConfigurationList;
			buildConfigurations = (
				39EC45941A21BB4F0065EBFD /* Debug */,
				39EC45951A21BB4F0065EBFD /* Release */,
			);
			defaultConfigurationIsVisible = 0;
			defaultConfigurationName = Release;
		};
		39EC45961A21BB4F0065EBFD /* Build configuration list for PBXNativeTarget "DeliveryTests" */ = {
			isa = XCConfigurationList;
			buildConfigurations = (
				39EC45971A21BB4F0065EBFD /* Debug */,
				39EC45981A21BB4F0065EBFD /* Release */,
			);
			defaultConfigurationIsVisible = 0;
			defaultConfigurationName = Release;
		};
		39EC45BD1A21BC2A0065EBFD /* Build configuration list for PBXNativeTarget "Delivery Watch App" */ = {
			isa = XCConfigurationList;
			buildConfigurations = (
				39EC45BE1A21BC2A0065EBFD /* Debug */,
				39EC45BF1A21BC2A0065EBFD /* Release */,
			);
			defaultConfigurationIsVisible = 0;
			defaultConfigurationName = Release;
		};
		39EC45C01A21BC2A0065EBFD /* Build configuration list for PBXNativeTarget "Delivery WatchKit Extension" */ = {
			isa = XCConfigurationList;
			buildConfigurations = (
				39EC45C11A21BC2A0065EBFD /* Debug */,
				39EC45C21A21BC2A0065EBFD /* Release */,
			);
			defaultConfigurationIsVisible = 0;
			defaultConfigurationName = Release;
		};
/* End XCConfigurationList section */
	};
	rootObject = 39EC456C1A21BB4F0065EBFD /* Project object */;
}
