<?xml version="1.0" encoding="UTF-8"?>
<Scheme
   LastUpgradeVersion = "0620"
   version = "1.3">
   <BuildAction
      parallelizeBuildables = "YES"
      buildImplicitDependencies = "YES">
      <BuildActionEntries>
         <BuildActionEntry
            buildForTesting = "YES"
            buildForRunning = "YES"
            buildForProfiling = "YES"
            buildForArchiving = "YES"
            buildForAnalyzing = "YES">
            <BuildableReference
               BuildableIdentifier = "primary"
               BlueprintIdentifier = "39EC45AE1A21BC2A0065EBFD"
               BuildableName = "Delivery Watch App.app"
               BlueprintName = "Delivery Watch App"
               ReferencedContainer = "container:Delivery.xcodeproj">
            </BuildableReference>
         </BuildActionEntry>
         <BuildActionEntry
            buildForTesting = "YES"
            buildForRunning = "YES"
            buildForProfiling = "YES"
            buildForArchiving = "YES"
            buildForAnalyzing = "YES">
            <BuildableReference
               BuildableIdentifier = "primary"
               BlueprintIdentifier = "39EC459C1A21BC2A0065EBFD"
               BuildableName = "Delivery WatchKit Extension.appex"
               BlueprintName = "Delivery WatchKit Extension"
               ReferencedContainer = "container:Delivery.xcodeproj">
            </BuildableReference>
         </BuildActionEntry>
         <BuildActionEntry
            buildForTesting = "YES"
            buildForRunning = "YES"
            buildForProfiling = "YES"
            buildForArchiving = "YES"
            buildForAnalyzing = "YES">
            <BuildableReference
               BuildableIdentifier = "primary"
               BlueprintIdentifier = "39EC45731A21BB4F0065EBFD"
               BuildableName = "Delivery.app"
               BlueprintName = "Delivery"
               ReferencedContainer = "container:Delivery.xcodeproj">
            </BuildableReference>
         </BuildActionEntry>
      </BuildActionEntries>
   </BuildAction>
   <TestAction
      selectedDebuggerIdentifier = "Xcode.DebuggerFoundation.Debugger.LLDB"
      selectedLauncherIdentifier = "Xcode.DebuggerFoundation.Launcher.LLDB"
      shouldUseLaunchSchemeArgsEnv = "YES"
      buildConfiguration = "Debug">
      <Testables>
      </Testables>
      <MacroExpansion>
         <BuildableReference
            BuildableIdentifier = "primary"
            BlueprintIdentifier = "39EC45AE1A21BC2A0065EBFD"
            BuildableName = "Delivery Watch App.app"
            BlueprintName = "Delivery Watch App"
            ReferencedContainer = "container:Delivery.xcodeproj">
         </BuildableReference>
      </MacroExpansion>
   </TestAction>
   <LaunchAction
      selectedDebuggerIdentifier = "Xcode.DebuggerFoundation.Debugger.LLDB"
      selectedLauncherIdentifier = "Xcode.DebuggerFoundation.Launcher.LLDB"
      launchStyle = "0"
      useCustomWorkingDirectory = "NO"
      buildConfiguration = "Debug"
      ignoresPersistentStateOnLaunch = "NO"
      debugDocumentVersioning = "YES"
      allowLocationSimulation = "YES">
      <RemoteRunnable
         runnableDebuggingMode = "2"
         BundleIdentifier = "com.apple.springboard"
         RemotePath = "/Delivery">
         <BuildableReference
            BuildableIdentifier = "primary"
            BlueprintIdentifier = "39EC45AE1A21BC2A0065EBFD"
            BuildableName = "Delivery Watch App.app"
            BlueprintName = "Delivery Watch App"
            ReferencedContainer = "container:Delivery.xcodeproj">
         </BuildableReference>
      </RemoteRunnable>
      <MacroExpansion>
         <BuildableReference
            BuildableIdentifier = "primary"
            BlueprintIdentifier = "39EC45AE1A21BC2A0065EBFD"
            BuildableName = "Delivery Watch App.app"
            BlueprintName = "Delivery Watch App"
            ReferencedContainer = "container:Delivery.xcodeproj">
         </BuildableReference>
      </MacroExpansion>
      <AdditionalOptions>
      </AdditionalOptions>
   </LaunchAction>
   <ProfileAction
      shouldUseLaunchSchemeArgsEnv = "YES"
      savedToolIdentifier = ""
      useCustomWorkingDirectory = "NO"
      buildConfiguration = "Release"
      debugDocumentVersioning = "YES">
      <RemoteRunnable
         runnableDebuggingMode = "2"
         BundleIdentifier = "com.apple.springboard"
         RemotePath = "/Delivery">
         <BuildableReference
            BuildableIdentifier = "primary"
            BlueprintIdentifier = "39EC45AE1A21BC2A0065EBFD"
            BuildableName = "Delivery Watch App.app"
            BlueprintName = "Delivery Watch App"
            ReferencedContainer = "container:Delivery.xcodeproj">
         </BuildableReference>
      </RemoteRunnable>
      <MacroExpansion>
         <BuildableReference
            BuildableIdentifier = "primary"
            BlueprintIdentifier = "39EC45AE1A21BC2A0065EBFD"
            BuildableName = "Delivery Watch App.app"
            BlueprintName = "Delivery Watch App"
            ReferencedContainer = "container:Delivery.xcodeproj">
         </BuildableReference>
      </MacroExpansion>
   </ProfileAction>
   <AnalyzeAction
      buildConfiguration = "Debug">
   </AnalyzeAction>
   <ArchiveAction
      buildConfiguration = "Release"
      revealArchiveInOrganizer = "YES">
   </ArchiveAction>
</Scheme>
